// !$*UTF8*$!
{
	archiveVersion = 1;
	classes = {
	};
	objectVersion = 50;
	objects = {

/* Begin PBXBuildFile section */
		9F622D8E231CDE9B00622B42 /* libEsCommon.a in Frameworks */ = {isa = PBXBuildFile; fileRef = 9F622D5D231CDE9B00622B42 /* libEsCommon.a */; };
		9F622D93231D05F500622B42 /* WalletTest.mm in Sources */ = {isa = PBXBuildFile; fileRef = 9F622D92231D05F500622B42 /* WalletTest.mm */; };
		9F62355F2306418C00491B04 /* libiconv.2.4.0.tbd in Frameworks */ = {isa = PBXBuildFile; fileRef = 9F62355E2306418C00491B04 /* libiconv.2.4.0.tbd */; };
		9F75229D235D7C8E0042FB66 /* sm2.cpp in Sources */ = {isa = PBXBuildFile; fileRef = 9F75227C235D7C8E0042FB66 /* sm2.cpp */; };
		9F75229E235D7C8E0042FB66 /* base58.cpp in Sources */ = {isa = PBXBuildFile; fileRef = 9F75227E235D7C8E0042FB66 /* base58.cpp */; };
		9F75229F235D7C8E0042FB66 /* base64.cpp in Sources */ = {isa = PBXBuildFile; fileRef = 9F75227F235D7C8E0042FB66 /* base64.cpp */; };
		9F7522A0235D7C8E0042FB66 /* hash.cpp in Sources */ = {isa = PBXBuildFile; fileRef = 9F752281235D7C8E0042FB66 /* hash.cpp */; };
		9F7522A1235D7C8E0042FB66 /* cipher.cpp in Sources */ = {isa = PBXBuildFile; fileRef = 9F752283235D7C8E0042FB66 /* cipher.cpp */; };
		9FC0D43723ADB6A900CF3CC8 /* utils.c in Sources */ = {isa = PBXBuildFile; fileRef = 9FC0D43323ADB6A800CF3CC8 /* utils.c */; };
		9FC0D43823ADB6A900CF3CC8 /* RLP.c in Sources */ = {isa = PBXBuildFile; fileRef = 9FC0D43623ADB6A900CF3CC8 /* RLP.c */; };
		FDE2D14B22F0B57C00EF94D3 /* BasicTest.mm in Sources */ = {isa = PBXBuildFile; fileRef = FDE2D14A22F0B57C00EF94D3 /* BasicTest.mm */; };
		FDE2D14D22F0B57C00EF94D3 /* libWallet.a in Frameworks */ = {isa = PBXBuildFile; fileRef = 9FF623F122C9AF900056A5DC /* libWallet.a */; };
/* End PBXBuildFile section */

/* Begin PBXContainerItemProxy section */
		FDE2D14E22F0B57C00EF94D3 /* PBXContainerItemProxy */ = {
			isa = PBXContainerItemProxy;
			containerPortal = 9FF623E922C9AF900056A5DC /* Project object */;
			proxyType = 1;
			remoteGlobalIDString = 9FF623F022C9AF900056A5DC;
			remoteInfo = transmit;
		};
/* End PBXContainerItemProxy section */

/* Begin PBXCopyFilesBuildPhase section */
		9FF623EF22C9AF900056A5DC /* CopyFiles */ = {
			isa = PBXCopyFilesBuildPhase;
			buildActionMask = 2147483647;
			dstPath = "include/$(PRODUCT_NAME)";
			dstSubfolderSpec = 16;
			files = (
			);
			runOnlyForDeploymentPostprocessing = 0;
		};
/* End PBXCopyFilesBuildPhase section */

/* Begin PBXFileReference section */
		9F622D5D231CDE9B00622B42 /* libEsCommon.a */ = {isa = PBXFileReference; lastKnownFileType = archive.ar; path = libEsCommon.a; sourceTree = "<group>"; };
		9F622D6A231CDE9B00622B42 /* EsList.h */ = {isa = PBXFileReference; fileEncoding = 4; lastKnownFileType = sourcecode.c.h; path = EsList.h; sourceTree = "<group>"; };
		9F622D6B231CDE9B00622B42 /* EsCommClient.h */ = {isa = PBXFileReference; fileEncoding = 4; lastKnownFileType = sourcecode.c.h; path = EsCommClient.h; sourceTree = "<group>"; };
		9F622D6C231CDE9B00622B42 /* EsP12.h */ = {isa = PBXFileReference; fileEncoding = 4; lastKnownFileType = sourcecode.c.h; path = EsP12.h; sourceTree = "<group>"; };
		9F622D6D231CDE9B00622B42 /* EsArray.h */ = {isa = PBXFileReference; fileEncoding = 4; lastKnownFileType = sourcecode.c.h; path = EsArray.h; sourceTree = "<group>"; };
		9F622D6E231CDE9B00622B42 /* EsAlgorithm.h */ = {isa = PBXFileReference; fileEncoding = 4; lastKnownFileType = sourcecode.c.h; path = EsAlgorithm.h; sourceTree = "<group>"; };
		9F622D6F231CDE9B00622B42 /* EsShareMem.h */ = {isa = PBXFileReference; fileEncoding = 4; lastKnownFileType = sourcecode.c.h; path = EsShareMem.h; sourceTree = "<group>"; };
		9F622D70231CDE9B00622B42 /* EsMutex.h */ = {isa = PBXFileReference; fileEncoding = 4; lastKnownFileType = sourcecode.c.h; path = EsMutex.h; sourceTree = "<group>"; };
		9F622D71231CDE9B00622B42 /* EsBigNumber.h */ = {isa = PBXFileReference; fileEncoding = 4; lastKnownFileType = sourcecode.c.h; path = EsBigNumber.h; sourceTree = "<group>"; };
		9F622D72231CDE9B00622B42 /* EsLog.h */ = {isa = PBXFileReference; fileEncoding = 4; lastKnownFileType = sourcecode.c.h; path = EsLog.h; sourceTree = "<group>"; };
		9F622D73231CDE9B00622B42 /* EsXml.h */ = {isa = PBXFileReference; fileEncoding = 4; lastKnownFileType = sourcecode.c.h; path = EsXml.h; sourceTree = "<group>"; };
		9F622D74231CDE9B00622B42 /* EsEvent.h */ = {isa = PBXFileReference; fileEncoding = 4; lastKnownFileType = sourcecode.c.h; path = EsEvent.h; sourceTree = "<group>"; };
		9F622D75231CDE9B00622B42 /* EsP10.h */ = {isa = PBXFileReference; fileEncoding = 4; lastKnownFileType = sourcecode.c.h; path = EsP10.h; sourceTree = "<group>"; };
		9F622D76231CDE9B00622B42 /* EsMemory.h */ = {isa = PBXFileReference; fileEncoding = 4; lastKnownFileType = sourcecode.c.h; path = EsMemory.h; sourceTree = "<group>"; };
		9F622D77231CDE9B00622B42 /* EsCommon.h */ = {isa = PBXFileReference; fileEncoding = 4; lastKnownFileType = sourcecode.c.h; path = EsCommon.h; sourceTree = "<group>"; };
		9F622D78231CDE9B00622B42 /* EsThread.h */ = {isa = PBXFileReference; fileEncoding = 4; lastKnownFileType = sourcecode.c.h; path = EsThread.h; sourceTree = "<group>"; };
		9F622D79231CDE9B00622B42 /* EsAtomicOperation.h */ = {isa = PBXFileReference; fileEncoding = 4; lastKnownFileType = sourcecode.c.h; path = EsAtomicOperation.h; sourceTree = "<group>"; };
		9F622D7A231CDE9B00622B42 /* EsString.h */ = {isa = PBXFileReference; fileEncoding = 4; lastKnownFileType = sourcecode.c.h; path = EsString.h; sourceTree = "<group>"; };
		9F622D7B231CDE9B00622B42 /* EsFile.h */ = {isa = PBXFileReference; fileEncoding = 4; lastKnownFileType = sourcecode.c.h; path = EsFile.h; sourceTree = "<group>"; };
		9F622D7C231CDE9B00622B42 /* EsEncodeDecode.h */ = {isa = PBXFileReference; fileEncoding = 4; lastKnownFileType = sourcecode.c.h; path = EsEncodeDecode.h; sourceTree = "<group>"; };
		9F622D7D231CDE9B00622B42 /* EsTlv.h */ = {isa = PBXFileReference; fileEncoding = 4; lastKnownFileType = sourcecode.c.h; path = EsTlv.h; sourceTree = "<group>"; };
		9F622D7E231CDE9B00622B42 /* EsSystem.h */ = {isa = PBXFileReference; fileEncoding = 4; lastKnownFileType = sourcecode.c.h; path = EsSystem.h; sourceTree = "<group>"; };
		9F622D7F231CDE9B00622B42 /* EsCommServer.h */ = {isa = PBXFileReference; fileEncoding = 4; lastKnownFileType = sourcecode.c.h; path = EsCommServer.h; sourceTree = "<group>"; };
		9F622D80231CDE9B00622B42 /* EsP7.h */ = {isa = PBXFileReference; fileEncoding = 4; lastKnownFileType = sourcecode.c.h; path = EsP7.h; sourceTree = "<group>"; };
		9F622D81231CDE9B00622B42 /* EsTypeDef.h */ = {isa = PBXFileReference; fileEncoding = 4; lastKnownFileType = sourcecode.c.h; path = EsTypeDef.h; sourceTree = "<group>"; };
		9F622D83231CDE9B00622B42 /* EsCommunication.h */ = {isa = PBXFileReference; fileEncoding = 4; lastKnownFileType = sourcecode.c.h; path = EsCommunication.h; sourceTree = "<group>"; };
		9F622D84231CDE9B00622B42 /* ILogger.h */ = {isa = PBXFileReference; fileEncoding = 4; lastKnownFileType = sourcecode.c.h; path = ILogger.h; sourceTree = "<group>"; };
		9F622D85231CDE9B00622B42 /* EsBer.h */ = {isa = PBXFileReference; fileEncoding = 4; lastKnownFileType = sourcecode.c.h; path = EsBer.h; sourceTree = "<group>"; };
		9F622D86231CDE9B00622B42 /* EsDer.h */ = {isa = PBXFileReference; fileEncoding = 4; lastKnownFileType = sourcecode.c.h; path = EsDer.h; sourceTree = "<group>"; };
		9F622D87231CDE9B00622B42 /* EsOutputStr.h */ = {isa = PBXFileReference; fileEncoding = 4; lastKnownFileType = sourcecode.c.h; path = EsOutputStr.h; sourceTree = "<group>"; };
		9F622D88231CDE9B00622B42 /* EsCritical.h */ = {isa = PBXFileReference; fileEncoding = 4; lastKnownFileType = sourcecode.c.h; path = EsCritical.h; sourceTree = "<group>"; };
		9F622D89231CDE9B00622B42 /* SafeCommunication.h */ = {isa = PBXFileReference; fileEncoding = 4; lastKnownFileType = sourcecode.c.h; path = SafeCommunication.h; sourceTree = "<group>"; };
		9F622D8A231CDE9B00622B42 /* EsLogViewer.h */ = {isa = PBXFileReference; fileEncoding = 4; lastKnownFileType = sourcecode.c.h; path = EsLogViewer.h; sourceTree = "<group>"; };
		9F622D8B231CDE9B00622B42 /* EsError.h */ = {isa = PBXFileReference; fileEncoding = 4; lastKnownFileType = sourcecode.c.h; path = EsError.h; sourceTree = "<group>"; };
		9F622D92231D05F500622B42 /* WalletTest.mm */ = {isa = PBXFileReference; lastKnownFileType = sourcecode.cpp.objcpp; path = WalletTest.mm; sourceTree = "<group>"; };
		9F62355C2306417C00491B04 /* libiconv.tbd */ = {isa = PBXFileReference; lastKnownFileType = "sourcecode.text-based-dylib-definition"; name = libiconv.tbd; path = usr/lib/libiconv.tbd; sourceTree = SDKROOT; };
		9F62355E2306418C00491B04 /* libiconv.2.4.0.tbd */ = {isa = PBXFileReference; lastKnownFileType = "sourcecode.text-based-dylib-definition"; name = libiconv.2.4.0.tbd; path = usr/lib/libiconv.2.4.0.tbd; sourceTree = SDKROOT; };
		9F75227C235D7C8E0042FB66 /* sm2.cpp */ = {isa = PBXFileReference; fileEncoding = 4; lastKnownFileType = sourcecode.cpp.cpp; path = sm2.cpp; sourceTree = "<group>"; };
		9F75227E235D7C8E0042FB66 /* base58.cpp */ = {isa = PBXFileReference; fileEncoding = 4; lastKnownFileType = sourcecode.cpp.cpp; path = base58.cpp; sourceTree = "<group>"; };
		9F75227F235D7C8E0042FB66 /* base64.cpp */ = {isa = PBXFileReference; fileEncoding = 4; lastKnownFileType = sourcecode.cpp.cpp; path = base64.cpp; sourceTree = "<group>"; };
		9F752281235D7C8E0042FB66 /* hash.cpp */ = {isa = PBXFileReference; fileEncoding = 4; lastKnownFileType = sourcecode.cpp.cpp; path = hash.cpp; sourceTree = "<group>"; };
		9F752283235D7C8E0042FB66 /* cipher.cpp */ = {isa = PBXFileReference; fileEncoding = 4; lastKnownFileType = sourcecode.cpp.cpp; path = cipher.cpp; sourceTree = "<group>"; };
		9F7522AC235D7E9A0042FB66 /* spinlock.h */ = {isa = PBXFileReference; fileEncoding = 4; lastKnownFileType = sourcecode.c.h; path = spinlock.h; sourceTree = "<group>"; };
		9F7522AD235D7E9A0042FB66 /* bytestream.hpp */ = {isa = PBXFileReference; fileEncoding = 4; lastKnownFileType = sourcecode.cpp.h; path = bytestream.hpp; sourceTree = "<group>"; };
		9F7522AF235D7E9A0042FB66 /* utility.hpp */ = {isa = PBXFileReference; fileEncoding = 4; lastKnownFileType = sourcecode.cpp.h; path = utility.hpp; sourceTree = "<group>"; };
		9F7522BF235D7E9A0042FB66 /* configure.hpp */ = {isa = PBXFileReference; fileEncoding = 4; lastKnownFileType = sourcecode.cpp.h; path = configure.hpp; sourceTree = "<group>"; };
		9F7522C2235D7E9A0042FB66 /* sm2.hpp */ = {isa = PBXFileReference; fileEncoding = 4; lastKnownFileType = sourcecode.cpp.h; path = sm2.hpp; sourceTree = "<group>"; };
		9F7522C4235D7E9A0042FB66 /* hash.hpp */ = {isa = PBXFileReference; fileEncoding = 4; lastKnownFileType = sourcecode.cpp.h; path = hash.hpp; sourceTree = "<group>"; };
		9F7522C6235D7E9A0042FB66 /* cipher.hpp */ = {isa = PBXFileReference; fileEncoding = 4; lastKnownFileType = sourcecode.cpp.h; path = cipher.hpp; sourceTree = "<group>"; };
		9F7522C8235D7E9A0042FB66 /* pkcs7.hpp */ = {isa = PBXFileReference; fileEncoding = 4; lastKnownFileType = sourcecode.cpp.h; path = pkcs7.hpp; sourceTree = "<group>"; };
		9F7522C9235D7E9A0042FB66 /* validate.hpp */ = {isa = PBXFileReference; fileEncoding = 4; lastKnownFileType = sourcecode.cpp.h; path = validate.hpp; sourceTree = "<group>"; };
		9F7522CA235D7E9A0042FB66 /* prikey.hpp */ = {isa = PBXFileReference; fileEncoding = 4; lastKnownFileType = sourcecode.cpp.h; path = prikey.hpp; sourceTree = "<group>"; };
		9F7522CB235D7E9A0042FB66 /* pubkey.hpp */ = {isa = PBXFileReference; fileEncoding = 4; lastKnownFileType = sourcecode.cpp.h; path = pubkey.hpp; sourceTree = "<group>"; };
		9F7522CD235D7E9A0042FB66 /* base32.hpp */ = {isa = PBXFileReference; fileEncoding = 4; lastKnownFileType = sourcecode.cpp.h; path = base32.hpp; sourceTree = "<group>"; };
		9F7522CE235D7E9A0042FB66 /* base64.hpp */ = {isa = PBXFileReference; fileEncoding = 4; lastKnownFileType = sourcecode.cpp.h; path = base64.hpp; sourceTree = "<group>"; };
		9F7522CF235D7E9A0042FB66 /* base58.hpp */ = {isa = PBXFileReference; fileEncoding = 4; lastKnownFileType = sourcecode.cpp.h; path = base58.hpp; sourceTree = "<group>"; };
		9F7522D0235D7E9A0042FB66 /* error.hpp */ = {isa = PBXFileReference; fileEncoding = 4; lastKnownFileType = sourcecode.cpp.h; path = error.hpp; sourceTree = "<group>"; };
		9F7522D1235D7E9A0042FB66 /* os_dir.hpp */ = {isa = PBXFileReference; fileEncoding = 4; lastKnownFileType = sourcecode.cpp.h; path = os_dir.hpp; sourceTree = "<group>"; };
		9F7522D3235D7E9A0042FB66 /* json.hpp */ = {isa = PBXFileReference; fileEncoding = 4; lastKnownFileType = sourcecode.cpp.h; path = json.hpp; sourceTree = "<group>"; };
		9F7522D5235D7E9A0042FB66 /* wallet.hpp */ = {isa = PBXFileReference; fileEncoding = 4; lastKnownFileType = sourcecode.cpp.h; path = wallet.hpp; sourceTree = "<group>"; };
		9F7522D7235D7E9A0042FB66 /* btc.hpp */ = {isa = PBXFileReference; fileEncoding = 4; lastKnownFileType = sourcecode.cpp.h; path = btc.hpp; sourceTree = "<group>"; };
		9F7522D9235D7E9A0042FB66 /* fcbuffer.hpp */ = {isa = PBXFileReference; fileEncoding = 4; lastKnownFileType = sourcecode.cpp.h; path = fcbuffer.hpp; sourceTree = "<group>"; };
		9F7522DB235D7E9A0042FB66 /* path.hpp */ = {isa = PBXFileReference; fileEncoding = 4; lastKnownFileType = sourcecode.cpp.h; path = path.hpp; sourceTree = "<group>"; };
		9F7522DD235D7E9A0042FB66 /* address.hpp */ = {isa = PBXFileReference; fileEncoding = 4; lastKnownFileType = sourcecode.cpp.h; path = address.hpp; sourceTree = "<group>"; };
		9F7522DF235D7E9A0042FB66 /* eth.hpp */ = {isa = PBXFileReference; fileEncoding = 4; lastKnownFileType = sourcecode.cpp.h; path = eth.hpp; sourceTree = "<group>"; };
		9F7522E1235D7E9A0042FB66 /* rlp.hpp */ = {isa = PBXFileReference; fileEncoding = 4; lastKnownFileType = sourcecode.cpp.h; path = rlp.hpp; sourceTree = "<group>"; };
		9F7522E2235D7E9A0042FB66 /* s300.hpp */ = {isa = PBXFileReference; fileEncoding = 4; lastKnownFileType = sourcecode.cpp.h; path = s300.hpp; sourceTree = "<group>"; };
		9FC0D43223AB6A1800CF3CC8 /* ITransmit.h */ = {isa = PBXFileReference; fileEncoding = 4; lastKnownFileType = sourcecode.c.h; path = ITransmit.h; sourceTree = "<group>"; };
		9FC0D43323ADB6A800CF3CC8 /* utils.c */ = {isa = PBXFileReference; fileEncoding = 4; lastKnownFileType = sourcecode.c.c; path = utils.c; sourceTree = "<group>"; };
		9FC0D43423ADB6A900CF3CC8 /* RLP.h */ = {isa = PBXFileReference; fileEncoding = 4; lastKnownFileType = sourcecode.c.h; path = RLP.h; sourceTree = "<group>"; };
		9FC0D43523ADB6A900CF3CC8 /* utils.h */ = {isa = PBXFileReference; fileEncoding = 4; lastKnownFileType = sourcecode.c.h; path = utils.h; sourceTree = "<group>"; };
		9FC0D43623ADB6A900CF3CC8 /* RLP.c */ = {isa = PBXFileReference; fileEncoding = 4; lastKnownFileType = sourcecode.c.c; path = RLP.c; sourceTree = "<group>"; };
		9FC0D43A23ADEA0A00CF3CC8 /* eos.hpp */ = {isa = PBXFileReference; lastKnownFileType = sourcecode.cpp.h; path = eos.hpp; sourceTree = "<group>"; };
		9FF623F122C9AF900056A5DC /* libWallet.a */ = {isa = PBXFileReference; explicitFileType = archive.ar; includeInIndex = 0; path = libWallet.a; sourceTree = BUILT_PRODUCTS_DIR; };
		FDE2D14822F0B57C00EF94D3 /* TransmitTests.xctest */ = {isa = PBXFileReference; explicitFileType = wrapper.cfbundle; includeInIndex = 0; path = TransmitTests.xctest; sourceTree = BUILT_PRODUCTS_DIR; };
		FDE2D14A22F0B57C00EF94D3 /* BasicTest.mm */ = {isa = PBXFileReference; lastKnownFileType = sourcecode.cpp.objcpp; path = BasicTest.mm; sourceTree = "<group>"; };
		FDE2D14C22F0B57C00EF94D3 /* Info.plist */ = {isa = PBXFileReference; lastKnownFileType = text.plist.xml; path = Info.plist; sourceTree = "<group>"; };
/* End PBXFileReference section */

/* Begin PBXFrameworksBuildPhase section */
		9FF623EE22C9AF900056A5DC /* Frameworks */ = {
			isa = PBXFrameworksBuildPhase;
			buildActionMask = 2147483647;
			files = (
			);
			runOnlyForDeploymentPostprocessing = 0;
		};
		FDE2D14522F0B57C00EF94D3 /* Frameworks */ = {
			isa = PBXFrameworksBuildPhase;
			buildActionMask = 2147483647;
			files = (
				9F622D8E231CDE9B00622B42 /* libEsCommon.a in Frameworks */,
				9F62355F2306418C00491B04 /* libiconv.2.4.0.tbd in Frameworks */,
				FDE2D14D22F0B57C00EF94D3 /* libWallet.a in Frameworks */,
			);
			runOnlyForDeploymentPostprocessing = 0;
		};
/* End PBXFrameworksBuildPhase section */

/* Begin PBXGroup section */
		9F622D58231CDE9B00622B42 /* vendor */ = {
			isa = PBXGroup;
			children = (
				9F622D59231CDE9B00622B42 /* libs */,
				9F622D5E231CDE9B00622B42 /* headers */,
			);
			name = vendor;
			path = ../vendor;
			sourceTree = "<group>";
		};
		9F622D59231CDE9B00622B42 /* libs */ = {
			isa = PBXGroup;
			children = (
				9F622D5C231CDE9B00622B42 /* common */,
			);
			path = libs;
			sourceTree = "<group>";
		};
		9F622D5C231CDE9B00622B42 /* common */ = {
			isa = PBXGroup;
			children = (
				9F622D5D231CDE9B00622B42 /* libEsCommon.a */,
			);
			path = common;
			sourceTree = "<group>";
		};
		9F622D5E231CDE9B00622B42 /* headers */ = {
			isa = PBXGroup;
			children = (
				9F622D68231CDE9B00622B42 /* common */,
			);
			path = headers;
			sourceTree = "<group>";
		};
		9F622D68231CDE9B00622B42 /* common */ = {
			isa = PBXGroup;
			children = (
				9F622D69231CDE9B00622B42 /* EsCommon */,
				9F622D81231CDE9B00622B42 /* EsTypeDef.h */,
				9F622D82231CDE9B00622B42 /* EsCommonInner */,
				9F622D8B231CDE9B00622B42 /* EsError.h */,
			);
			path = common;
			sourceTree = "<group>";
		};
		9F622D69231CDE9B00622B42 /* EsCommon */ = {
			isa = PBXGroup;
			children = (
				9F622D6A231CDE9B00622B42 /* EsList.h */,
				9F622D6B231CDE9B00622B42 /* EsCommClient.h */,
				9F622D6C231CDE9B00622B42 /* EsP12.h */,
				9F622D6D231CDE9B00622B42 /* EsArray.h */,
				9F622D6E231CDE9B00622B42 /* EsAlgorithm.h */,
				9F622D6F231CDE9B00622B42 /* EsShareMem.h */,
				9F622D70231CDE9B00622B42 /* EsMutex.h */,
				9F622D71231CDE9B00622B42 /* EsBigNumber.h */,
				9F622D72231CDE9B00622B42 /* EsLog.h */,
				9F622D73231CDE9B00622B42 /* EsXml.h */,
				9F622D74231CDE9B00622B42 /* EsEvent.h */,
				9F622D75231CDE9B00622B42 /* EsP10.h */,
				9F622D76231CDE9B00622B42 /* EsMemory.h */,
				9F622D77231CDE9B00622B42 /* EsCommon.h */,
				9F622D78231CDE9B00622B42 /* EsThread.h */,
				9F622D79231CDE9B00622B42 /* EsAtomicOperation.h */,
				9F622D7A231CDE9B00622B42 /* EsString.h */,
				9F622D7B231CDE9B00622B42 /* EsFile.h */,
				9F622D7C231CDE9B00622B42 /* EsEncodeDecode.h */,
				9F622D7D231CDE9B00622B42 /* EsTlv.h */,
				9F622D7E231CDE9B00622B42 /* EsSystem.h */,
				9F622D7F231CDE9B00622B42 /* EsCommServer.h */,
				9F622D80231CDE9B00622B42 /* EsP7.h */,
			);
			path = EsCommon;
			sourceTree = "<group>";
		};
		9F622D82231CDE9B00622B42 /* EsCommonInner */ = {
			isa = PBXGroup;
			children = (
				9F622D83231CDE9B00622B42 /* EsCommunication.h */,
				9F622D84231CDE9B00622B42 /* ILogger.h */,
				9F622D85231CDE9B00622B42 /* EsBer.h */,
				9F622D86231CDE9B00622B42 /* EsDer.h */,
				9F622D87231CDE9B00622B42 /* EsOutputStr.h */,
				9F622D88231CDE9B00622B42 /* EsCritical.h */,
				9F622D89231CDE9B00622B42 /* SafeCommunication.h */,
				9F622D8A231CDE9B00622B42 /* EsLogViewer.h */,
			);
			path = EsCommonInner;
			sourceTree = "<group>";
		};
		9F752269235D7C8E0042FB66 /* src */ = {
			isa = PBXGroup;
			children = (
				9F75227A235D7C8E0042FB66 /* algorithm */,
			);
			name = src;
			sourceTree = "<group>";
		};
		9F75227A235D7C8E0042FB66 /* algorithm */ = {
			isa = PBXGroup;
			children = (
				9F75227B235D7C8E0042FB66 /* sm */,
				9F75227D235D7C8E0042FB66 /* basexx */,
				9F752280235D7C8E0042FB66 /* hash */,
				9F752282235D7C8E0042FB66 /* cipher */,
			);
			path = algorithm;
			sourceTree = "<group>";
		};
		9F75227B235D7C8E0042FB66 /* sm */ = {
			isa = PBXGroup;
			children = (
				9F75227C235D7C8E0042FB66 /* sm2.cpp */,
			);
			path = sm;
			sourceTree = "<group>";
		};
		9F75227D235D7C8E0042FB66 /* basexx */ = {
			isa = PBXGroup;
			children = (
				9F75227E235D7C8E0042FB66 /* base58.cpp */,
				9F75227F235D7C8E0042FB66 /* base64.cpp */,
			);
			path = basexx;
			sourceTree = "<group>";
		};
		9F752280235D7C8E0042FB66 /* hash */ = {
			isa = PBXGroup;
			children = (
				9F752281235D7C8E0042FB66 /* hash.cpp */,
			);
			path = hash;
			sourceTree = "<group>";
		};
		9F752282235D7C8E0042FB66 /* cipher */ = {
			isa = PBXGroup;
			children = (
				9F752283235D7C8E0042FB66 /* cipher.cpp */,
			);
			path = cipher;
			sourceTree = "<group>";
		};
		9F7522AB235D7E9A0042FB66 /* include */ = {
			isa = PBXGroup;
			children = (
				9FC0D43223AB6A1800CF3CC8 /* ITransmit.h */,
				9F7522AC235D7E9A0042FB66 /* spinlock.h */,
				9F7522AD235D7E9A0042FB66 /* bytestream.hpp */,
				9F7522AF235D7E9A0042FB66 /* utility.hpp */,
				9F7522BE235D7E9A0042FB66 /* configure */,
				9F7522C0235D7E9A0042FB66 /* algorithm */,
				9F7522D0235D7E9A0042FB66 /* error.hpp */,
				9F7522D1235D7E9A0042FB66 /* os_dir.hpp */,
				9F7522D2235D7E9A0042FB66 /* json */,
				9F7522D4235D7E9A0042FB66 /* wallet */,
			);
			name = include;
			path = ../include;
			sourceTree = "<group>";
		};
		9F7522BE235D7E9A0042FB66 /* configure */ = {
			isa = PBXGroup;
			children = (
				9F7522BF235D7E9A0042FB66 /* configure.hpp */,
			);
			path = configure;
			sourceTree = "<group>";
		};
		9F7522C0235D7E9A0042FB66 /* algorithm */ = {
			isa = PBXGroup;
			children = (
				9F7522C1235D7E9A0042FB66 /* sm */,
				9F7522C3235D7E9A0042FB66 /* hash */,
				9F7522C5235D7E9A0042FB66 /* cipher */,
				9F7522C7235D7E9A0042FB66 /* pkcs */,
				9F7522CC235D7E9A0042FB66 /* base */,
			);
			path = algorithm;
			sourceTree = "<group>";
		};
		9F7522C1235D7E9A0042FB66 /* sm */ = {
			isa = PBXGroup;
			children = (
				9F7522C2235D7E9A0042FB66 /* sm2.hpp */,
			);
			path = sm;
			sourceTree = "<group>";
		};
		9F7522C3235D7E9A0042FB66 /* hash */ = {
			isa = PBXGroup;
			children = (
				9F7522C4235D7E9A0042FB66 /* hash.hpp */,
			);
			path = hash;
			sourceTree = "<group>";
		};
		9F7522C5235D7E9A0042FB66 /* cipher */ = {
			isa = PBXGroup;
			children = (
				9F7522C6235D7E9A0042FB66 /* cipher.hpp */,
			);
			path = cipher;
			sourceTree = "<group>";
		};
		9F7522C7235D7E9A0042FB66 /* pkcs */ = {
			isa = PBXGroup;
			children = (
				9F7522C8235D7E9A0042FB66 /* pkcs7.hpp */,
				9F7522C9235D7E9A0042FB66 /* validate.hpp */,
				9F7522CA235D7E9A0042FB66 /* prikey.hpp */,
				9F7522CB235D7E9A0042FB66 /* pubkey.hpp */,
			);
			path = pkcs;
			sourceTree = "<group>";
		};
		9F7522CC235D7E9A0042FB66 /* base */ = {
			isa = PBXGroup;
			children = (
				9F7522CD235D7E9A0042FB66 /* base32.hpp */,
				9F7522CE235D7E9A0042FB66 /* base64.hpp */,
				9F7522CF235D7E9A0042FB66 /* base58.hpp */,
			);
			path = base;
			sourceTree = "<group>";
		};
		9F7522D2235D7E9A0042FB66 /* json */ = {
			isa = PBXGroup;
			children = (
				9F7522D3235D7E9A0042FB66 /* json.hpp */,
			);
			path = json;
			sourceTree = "<group>";
		};
		9F7522D4235D7E9A0042FB66 /* wallet */ = {
			isa = PBXGroup;
			children = (
				9FC0D43923ADE9F700CF3CC8 /* eos */,
				9F7522D5235D7E9A0042FB66 /* wallet.hpp */,
				9F7522D6235D7E9A0042FB66 /* btc */,
				9F7522D8235D7E9A0042FB66 /* fcbuffer */,
				9F7522DA235D7E9A0042FB66 /* path */,
				9F7522DC235D7E9A0042FB66 /* address */,
				9F7522DE235D7E9A0042FB66 /* eth */,
				9F7522E2235D7E9A0042FB66 /* s300.hpp */,
			);
			path = wallet;
			sourceTree = "<group>";
		};
		9F7522D6235D7E9A0042FB66 /* btc */ = {
			isa = PBXGroup;
			children = (
				9F7522D7235D7E9A0042FB66 /* btc.hpp */,
			);
			path = btc;
			sourceTree = "<group>";
		};
		9F7522D8235D7E9A0042FB66 /* fcbuffer */ = {
			isa = PBXGroup;
			children = (
				9F7522D9235D7E9A0042FB66 /* fcbuffer.hpp */,
			);
			path = fcbuffer;
			sourceTree = "<group>";
		};
		9F7522DA235D7E9A0042FB66 /* path */ = {
			isa = PBXGroup;
			children = (
				9F7522DB235D7E9A0042FB66 /* path.hpp */,
			);
			path = path;
			sourceTree = "<group>";
		};
		9F7522DC235D7E9A0042FB66 /* address */ = {
			isa = PBXGroup;
			children = (
				9F7522DD235D7E9A0042FB66 /* address.hpp */,
			);
			path = address;
			sourceTree = "<group>";
		};
		9F7522DE235D7E9A0042FB66 /* eth */ = {
			isa = PBXGroup;
			children = (
				9F7522DF235D7E9A0042FB66 /* eth.hpp */,
				9F7522E0235D7E9A0042FB66 /* rlp */,
			);
			path = eth;
			sourceTree = "<group>";
		};
		9F7522E0235D7E9A0042FB66 /* rlp */ = {
			isa = PBXGroup;
			children = (
				9FC0D43623ADB6A900CF3CC8 /* RLP.c */,
				9FC0D43423ADB6A900CF3CC8 /* RLP.h */,
				9FC0D43323ADB6A800CF3CC8 /* utils.c */,
				9FC0D43523ADB6A900CF3CC8 /* utils.h */,
				9F7522E1235D7E9A0042FB66 /* rlp.hpp */,
			);
			path = rlp;
			sourceTree = "<group>";
		};
		9F99E8BA22FD5CD100BD1787 /* Frameworks */ = {
			isa = PBXGroup;
			children = (
				9F62355E2306418C00491B04 /* libiconv.2.4.0.tbd */,
				9F62355C2306417C00491B04 /* libiconv.tbd */,
			);
			name = Frameworks;
			sourceTree = "<group>";
		};
		9FC0D43923ADE9F700CF3CC8 /* eos */ = {
			isa = PBXGroup;
			children = (
				9FC0D43A23ADEA0A00CF3CC8 /* eos.hpp */,
			);
			path = eos;
			sourceTree = "<group>";
		};
		9FF623E822C9AF900056A5DC = {
			isa = PBXGroup;
			children = (
				9F622D58231CDE9B00622B42 /* vendor */,
				9FF623F322C9AF900056A5DC /* transmit */,
				FDE2D14922F0B57C00EF94D3 /* TransmitTests */,
				9FF623F222C9AF900056A5DC /* Products */,
				9F99E8BA22FD5CD100BD1787 /* Frameworks */,
			);
			sourceTree = "<group>";
		};
		9FF623F222C9AF900056A5DC /* Products */ = {
			isa = PBXGroup;
			children = (
				9FF623F122C9AF900056A5DC /* libWallet.a */,
				FDE2D14822F0B57C00EF94D3 /* TransmitTests.xctest */,
			);
			name = Products;
			sourceTree = "<group>";
		};
		9FF623F322C9AF900056A5DC /* transmit */ = {
			isa = PBXGroup;
			children = (
				9F7522AB235D7E9A0042FB66 /* include */,
				9F752269235D7C8E0042FB66 /* src */,
			);
			name = transmit;
			path = ../src;
			sourceTree = "<group>";
		};
		FDE2D14922F0B57C00EF94D3 /* TransmitTests */ = {
			isa = PBXGroup;
			children = (
				FDE2D14A22F0B57C00EF94D3 /* BasicTest.mm */,
				9F622D92231D05F500622B42 /* WalletTest.mm */,
				FDE2D14C22F0B57C00EF94D3 /* Info.plist */,
			);
			path = TransmitTests;
			sourceTree = "<group>";
		};
/* End PBXGroup section */

/* Begin PBXNativeTarget section */
		9FF623F022C9AF900056A5DC /* Wallet */ = {
			isa = PBXNativeTarget;
			buildConfigurationList = 9FF623FA22C9AF900056A5DC /* Build configuration list for PBXNativeTarget "Wallet" */;
			buildPhases = (
				9FF623ED22C9AF900056A5DC /* Sources */,
				9FF623EE22C9AF900056A5DC /* Frameworks */,
				9FF623EF22C9AF900056A5DC /* CopyFiles */,
			);
			buildRules = (
			);
			dependencies = (
			);
			name = Wallet;
			productName = transmit;
			productReference = 9FF623F122C9AF900056A5DC /* libWallet.a */;
			productType = "com.apple.product-type.library.static";
		};
		FDE2D14722F0B57C00EF94D3 /* TransmitTests */ = {
			isa = PBXNativeTarget;
			buildConfigurationList = FDE2D15022F0B57C00EF94D3 /* Build configuration list for PBXNativeTarget "TransmitTests" */;
			buildPhases = (
				FDE2D14422F0B57C00EF94D3 /* Sources */,
				FDE2D14522F0B57C00EF94D3 /* Frameworks */,
				FDE2D14622F0B57C00EF94D3 /* Resources */,
			);
			buildRules = (
			);
			dependencies = (
				FDE2D14F22F0B57C00EF94D3 /* PBXTargetDependency */,
			);
			name = TransmitTests;
			productName = TransmitTests;
			productReference = FDE2D14822F0B57C00EF94D3 /* TransmitTests.xctest */;
			productType = "com.apple.product-type.bundle.unit-test";
		};
/* End PBXNativeTarget section */

/* Begin PBXProject section */
		9FF623E922C9AF900056A5DC /* Project object */ = {
			isa = PBXProject;
			attributes = {
				LastSwiftUpdateCheck = 1020;
				LastUpgradeCheck = 1100;
				ORGANIZATIONNAME = zzstudio;
				TargetAttributes = {
					9FF623F022C9AF900056A5DC = {
						CreatedOnToolsVersion = 11.0;
					};
					FDE2D14722F0B57C00EF94D3 = {
						CreatedOnToolsVersion = 10.2;
					};
				};
			};
			buildConfigurationList = 9FF623EC22C9AF900056A5DC /* Build configuration list for PBXProject "Wallet" */;
			compatibilityVersion = "Xcode 9.3";
			developmentRegion = en;
			hasScannedForEncodings = 0;
			knownRegions = (
				en,
				Base,
			);
			mainGroup = 9FF623E822C9AF900056A5DC;
			productRefGroup = 9FF623F222C9AF900056A5DC /* Products */;
			projectDirPath = "";
			projectRoot = "";
			targets = (
				9FF623F022C9AF900056A5DC /* Wallet */,
				FDE2D14722F0B57C00EF94D3 /* TransmitTests */,
			);
		};
/* End PBXProject section */

/* Begin PBXResourcesBuildPhase section */
		FDE2D14622F0B57C00EF94D3 /* Resources */ = {
			isa = PBXResourcesBuildPhase;
			buildActionMask = 2147483647;
			files = (
			);
			runOnlyForDeploymentPostprocessing = 0;
		};
/* End PBXResourcesBuildPhase section */

/* Begin PBXSourcesBuildPhase section */
		9FF623ED22C9AF900056A5DC /* Sources */ = {
			isa = PBXSourcesBuildPhase;
			buildActionMask = 2147483647;
			files = (
				9F75229F235D7C8E0042FB66 /* base64.cpp in Sources */,
				9FC0D43723ADB6A900CF3CC8 /* utils.c in Sources */,
				9F75229E235D7C8E0042FB66 /* base58.cpp in Sources */,
				9FC0D43823ADB6A900CF3CC8 /* RLP.c in Sources */,
				9F7522A1235D7C8E0042FB66 /* cipher.cpp in Sources */,
				9F7522A0235D7C8E0042FB66 /* hash.cpp in Sources */,
				9F75229D235D7C8E0042FB66 /* sm2.cpp in Sources */,
			);
			runOnlyForDeploymentPostprocessing = 0;
		};
		FDE2D14422F0B57C00EF94D3 /* Sources */ = {
			isa = PBXSourcesBuildPhase;
			buildActionMask = 2147483647;
			files = (
				FDE2D14B22F0B57C00EF94D3 /* BasicTest.mm in Sources */,
				9F622D93231D05F500622B42 /* WalletTest.mm in Sources */,
			);
			runOnlyForDeploymentPostprocessing = 0;
		};
/* End PBXSourcesBuildPhase section */

/* Begin PBXTargetDependency section */
		FDE2D14F22F0B57C00EF94D3 /* PBXTargetDependency */ = {
			isa = PBXTargetDependency;
			target = 9FF623F022C9AF900056A5DC /* Wallet */;
			targetProxy = FDE2D14E22F0B57C00EF94D3 /* PBXContainerItemProxy */;
		};
/* End PBXTargetDependency section */

/* Begin XCBuildConfiguration section */
		9FF623F822C9AF900056A5DC /* Debug */ = {
			isa = XCBuildConfiguration;
			buildSettings = {
				ALWAYS_SEARCH_USER_PATHS = NO;
				CLANG_ANALYZER_NONNULL = YES;
				CLANG_ANALYZER_NUMBER_OBJECT_CONVERSION = YES_AGGRESSIVE;
				CLANG_CXX_LANGUAGE_STANDARD = "gnu++14";
				CLANG_CXX_LIBRARY = "libc++";
				CLANG_ENABLE_MODULES = YES;
				CLANG_ENABLE_OBJC_ARC = YES;
				CLANG_ENABLE_OBJC_WEAK = YES;
				CLANG_WARN_BLOCK_CAPTURE_AUTORELEASING = YES;
				CLANG_WARN_BOOL_CONVERSION = YES;
				CLANG_WARN_COMMA = YES;
				CLANG_WARN_CONSTANT_CONVERSION = YES;
				CLANG_WARN_DEPRECATED_OBJC_IMPLEMENTATIONS = YES;
				CLANG_WARN_DIRECT_OBJC_ISA_USAGE = YES_ERROR;
				CLANG_WARN_DOCUMENTATION_COMMENTS = YES;
				CLANG_WARN_EMPTY_BODY = YES;
				CLANG_WARN_ENUM_CONVERSION = YES;
				CLANG_WARN_INFINITE_RECURSION = YES;
				CLANG_WARN_INT_CONVERSION = YES;
				CLANG_WARN_NON_LITERAL_NULL_CONVERSION = YES;
				CLANG_WARN_OBJC_IMPLICIT_RETAIN_SELF = YES;
				CLANG_WARN_OBJC_LITERAL_CONVERSION = YES;
				CLANG_WARN_OBJC_ROOT_CLASS = YES_ERROR;
				CLANG_WARN_RANGE_LOOP_ANALYSIS = YES;
				CLANG_WARN_STRICT_PROTOTYPES = YES;
				CLANG_WARN_SUSPICIOUS_MOVE = YES;
				CLANG_WARN_UNGUARDED_AVAILABILITY = YES_AGGRESSIVE;
				CLANG_WARN_UNREACHABLE_CODE = YES;
				CLANG_WARN__DUPLICATE_METHOD_MATCH = YES;
				COPY_PHASE_STRIP = NO;
				DEBUG_INFORMATION_FORMAT = dwarf;
				ENABLE_STRICT_OBJC_MSGSEND = YES;
				ENABLE_TESTABILITY = YES;
				GCC_C_LANGUAGE_STANDARD = gnu11;
				GCC_DYNAMIC_NO_PIC = NO;
				GCC_NO_COMMON_BLOCKS = YES;
				GCC_OPTIMIZATION_LEVEL = 0;
				GCC_PREPROCESSOR_DEFINITIONS = (
					"DEBUG=1",
					"$(inherited)",
				);
				GCC_WARN_64_TO_32_BIT_CONVERSION = YES;
				GCC_WARN_ABOUT_RETURN_TYPE = YES_ERROR;
				GCC_WARN_UNDECLARED_SELECTOR = YES;
				GCC_WARN_UNINITIALIZED_AUTOS = YES_AGGRESSIVE;
				GCC_WARN_UNUSED_FUNCTION = YES;
				GCC_WARN_UNUSED_VARIABLE = YES;
				IPHONEOS_DEPLOYMENT_TARGET = 8;
				MTL_ENABLE_DEBUG_INFO = INCLUDE_SOURCE;
				MTL_FAST_MATH = YES;
				ONLY_ACTIVE_ARCH = YES;
				SDKROOT = iphoneos;
			};
			name = Debug;
		};
		9FF623F922C9AF900056A5DC /* Release */ = {
			isa = XCBuildConfiguration;
			buildSettings = {
				ALWAYS_SEARCH_USER_PATHS = NO;
				CLANG_ANALYZER_NONNULL = YES;
				CLANG_ANALYZER_NUMBER_OBJECT_CONVERSION = YES_AGGRESSIVE;
				CLANG_CXX_LANGUAGE_STANDARD = "gnu++14";
				CLANG_CXX_LIBRARY = "libc++";
				CLANG_ENABLE_MODULES = YES;
				CLANG_ENABLE_OBJC_ARC = YES;
				CLANG_ENABLE_OBJC_WEAK = YES;
				CLANG_WARN_BLOCK_CAPTURE_AUTORELEASING = YES;
				CLANG_WARN_BOOL_CONVERSION = YES;
				CLANG_WARN_COMMA = YES;
				CLANG_WARN_CONSTANT_CONVERSION = YES;
				CLANG_WARN_DEPRECATED_OBJC_IMPLEMENTATIONS = YES;
				CLANG_WARN_DIRECT_OBJC_ISA_USAGE = YES_ERROR;
				CLANG_WARN_DOCUMENTATION_COMMENTS = YES;
				CLANG_WARN_EMPTY_BODY = YES;
				CLANG_WARN_ENUM_CONVERSION = YES;
				CLANG_WARN_INFINITE_RECURSION = YES;
				CLANG_WARN_INT_CONVERSION = YES;
				CLANG_WARN_NON_LITERAL_NULL_CONVERSION = YES;
				CLANG_WARN_OBJC_IMPLICIT_RETAIN_SELF = YES;
				CLANG_WARN_OBJC_LITERAL_CONVERSION = YES;
				CLANG_WARN_OBJC_ROOT_CLASS = YES_ERROR;
				CLANG_WARN_RANGE_LOOP_ANALYSIS = YES;
				CLANG_WARN_STRICT_PROTOTYPES = YES;
				CLANG_WARN_SUSPICIOUS_MOVE = YES;
				CLANG_WARN_UNGUARDED_AVAILABILITY = YES_AGGRESSIVE;
				CLANG_WARN_UNREACHABLE_CODE = YES;
				CLANG_WARN__DUPLICATE_METHOD_MATCH = YES;
				COPY_PHASE_STRIP = NO;
				DEBUG_INFORMATION_FORMAT = "dwarf-with-dsym";
				ENABLE_NS_ASSERTIONS = NO;
				ENABLE_STRICT_OBJC_MSGSEND = YES;
				GCC_C_LANGUAGE_STANDARD = gnu11;
				GCC_NO_COMMON_BLOCKS = YES;
				GCC_WARN_64_TO_32_BIT_CONVERSION = YES;
				GCC_WARN_ABOUT_RETURN_TYPE = YES_ERROR;
				GCC_WARN_UNDECLARED_SELECTOR = YES;
				GCC_WARN_UNINITIALIZED_AUTOS = YES_AGGRESSIVE;
				GCC_WARN_UNUSED_FUNCTION = YES;
				GCC_WARN_UNUSED_VARIABLE = YES;
				IPHONEOS_DEPLOYMENT_TARGET = 8;
				MTL_ENABLE_DEBUG_INFO = NO;
				MTL_FAST_MATH = YES;
				SDKROOT = iphoneos;
				VALIDATE_PRODUCT = YES;
			};
			name = Release;
		};
		9FF623FB22C9AF900056A5DC /* Debug */ = {
			isa = XCBuildConfiguration;
			buildSettings = {
				CODE_SIGN_STYLE = Automatic;
				DEVELOPMENT_TEAM = B2T9DL6Y5B;
				GCC_PREPROCESSOR_DEFINITIONS = (
					"DEBUG=1",
					"$(inherited)",
					_OS_IOS_,
					"USE_BASIC_CONFIG=1",
					"ENABLE_MODULE_RECOVERY=1",
					"DETERMINISTIC=1",
				);
				HEADER_SEARCH_PATHS = (
					../include,
					../secp256k1,
					../spdlog/include,
					../vendor/headers/common,
					../vendor/headers/driver,
				);
				LIBRARY_SEARCH_PATHS = (
					"$(inherited)",
					"$(PROJECT_DIR)/bledriver",
				);
				OTHER_LDFLAGS = "-ObjC";
				PRODUCT_NAME = "$(TARGET_NAME)";
				SKIP_INSTALL = YES;
				TARGETED_DEVICE_FAMILY = "1,2";
				WARNING_CFLAGS = "-Wno-format-security";
			};
			name = Debug;
		};
		9FF623FC22C9AF900056A5DC /* Release */ = {
			isa = XCBuildConfiguration;
			buildSettings = {
				CODE_SIGN_STYLE = Automatic;
				DEVELOPMENT_TEAM = B2T9DL6Y5B;
				GCC_PREPROCESSOR_DEFINITIONS = (
					_OS_IOS_,
					"USE_BASIC_CONFIG=1",
				);
				HEADER_SEARCH_PATHS = (
					../include,
					../secp256k1,
					../spdlog/include,
					../vendor/headers/common,
					../vendor/headers/driver,
				);
				LIBRARY_SEARCH_PATHS = (
					"$(inherited)",
					"$(PROJECT_DIR)/bledriver",
				);
				OTHER_LDFLAGS = "-ObjC";
				PRODUCT_NAME = "$(TARGET_NAME)";
				SKIP_INSTALL = YES;
				TARGETED_DEVICE_FAMILY = "1,2";
				WARNING_CFLAGS = "-Wno-format-security";
			};
			name = Release;
		};
		FDE2D15122F0B57C00EF94D3 /* Debug */ = {
			isa = XCBuildConfiguration;
			buildSettings = {
				CODE_SIGN_IDENTITY = "iPhone Developer";
				CODE_SIGN_STYLE = Automatic;
				DEVELOPMENT_TEAM = B2T9DL6Y5B;
				GCC_PREPROCESSOR_DEFINITIONS = (
					"DEBUG=1",
					"$(inherited)",
					_OS_IOS_,
				);
				HEADER_SEARCH_PATHS = (
					../include,
					../spdlog/include,
				);
				INFOPLIST_FILE = TransmitTests/Info.plist;
				IPHONEOS_DEPLOYMENT_TARGET = 12.2;
				LD_RUNPATH_SEARCH_PATHS = (
					"$(inherited)",
					"@executable_path/Frameworks",
					"@loader_path/Frameworks",
				);
				LIBRARY_SEARCH_PATHS = (
					../vendor/libs/driver,
					../vendor/libs/common,
				);
				PRODUCT_BUNDLE_IDENTIFIER = com.zzstudio.readit.TransmitTests;
				PRODUCT_NAME = "$(TARGET_NAME)";
				TARGETED_DEVICE_FAMILY = "1,2";
				WARNING_CFLAGS = "-Wno-format-security";
			};
			name = Debug;
		};
		FDE2D15222F0B57C00EF94D3 /* Release */ = {
			isa = XCBuildConfiguration;
			buildSettings = {
				CODE_SIGN_IDENTITY = "iPhone Developer";
				CODE_SIGN_STYLE = Automatic;
				DEVELOPMENT_TEAM = B2T9DL6Y5B;
				GCC_PREPROCESSOR_DEFINITIONS = _OS_IOS_;
				HEADER_SEARCH_PATHS = (
					../include,
					../spdlog/include,
				);
				INFOPLIST_FILE = TransmitTests/Info.plist;
				IPHONEOS_DEPLOYMENT_TARGET = 12.2;
				LD_RUNPATH_SEARCH_PATHS = (
					"$(inherited)",
					"@executable_path/Frameworks",
					"@loader_path/Frameworks",
				);
				LIBRARY_SEARCH_PATHS = (
					../vendor/libs/driver,
					../vendor/libs/common,
				);
				PRODUCT_BUNDLE_IDENTIFIER = com.zzstudio.readit.TransmitTests;
				PRODUCT_NAME = "$(TARGET_NAME)";
				TARGETED_DEVICE_FAMILY = "1,2";
				WARNING_CFLAGS = "-Wno-format-security";
			};
			name = Release;
		};
/* End XCBuildConfiguration section */

/* Begin XCConfigurationList section */
		9FF623EC22C9AF900056A5DC /* Build configuration list for PBXProject "Wallet" */ = {
			isa = XCConfigurationList;
			buildConfigurations = (
				9FF623F822C9AF900056A5DC /* Debug */,
				9FF623F922C9AF900056A5DC /* Release */,
			);
			defaultConfigurationIsVisible = 0;
			defaultConfigurationName = Release;
		};
		9FF623FA22C9AF900056A5DC /* Build configuration list for PBXNativeTarget "Wallet" */ = {
			isa = XCConfigurationList;
			buildConfigurations = (
				9FF623FB22C9AF900056A5DC /* Debug */,
				9FF623FC22C9AF900056A5DC /* Release */,
			);
			defaultConfigurationIsVisible = 0;
			defaultConfigurationName = Release;
		};
		FDE2D15022F0B57C00EF94D3 /* Build configuration list for PBXNativeTarget "TransmitTests" */ = {
			isa = XCConfigurationList;
			buildConfigurations = (
				FDE2D15122F0B57C00EF94D3 /* Debug */,
				FDE2D15222F0B57C00EF94D3 /* Release */,
			);
			defaultConfigurationIsVisible = 0;
			defaultConfigurationName = Release;
		};
/* End XCConfigurationList section */
	};
	rootObject = 9FF623E922C9AF900056A5DC /* Project object */;
}
